// !$*UTF8*$!
{
	archiveVersion = 1;
	classes = {
	};
	objectVersion = 77;
	objects = {

/* Begin PBXContainerItemProxy section */
		17E1C9D22E1F2B050024290D /* PBXContainerItemProxy */ = {
			isa = PBXContainerItemProxy;
			containerPortal = 17E1C9BC2E1F2B030024290D /* Project object */;
			proxyType = 1;
			remoteGlobalIDString = 17E1C9C32E1F2B030024290D;
			remoteInfo = "TGA Plan";
		};
		17E1C9DC2E1F2B050024290D /* PBXContainerItemProxy */ = {
			isa = PBXContainerItemProxy;
			containerPortal = 17E1C9BC2E1F2B030024290D /* Project object */;
			proxyType = 1;
			remoteGlobalIDString = 17E1C9C32E1F2B030024290D;
			remoteInfo = "TGA Plan";
		};
/* End PBXContainerItemProxy section */

/* Begin PBXFileReference section */
		17E1C9C42E1F2B030024290D /* TGA Plan.app */ = {isa = PBXFileReference; explicitFileType = wrapper.application; includeInIndex = 0; path = "TGA Plan.app"; sourceTree = BUILT_PRODUCTS_DIR; };
		17E1C9D12E1F2B050024290D /* TGA PlanTests.xctest */ = {isa = PBXFileReference; explicitFileType = wrapper.cfbundle; includeInIndex = 0; path = "TGA PlanTests.xctest"; sourceTree = BUILT_PRODUCTS_DIR; };
		17E1C9DB2E1F2B050024290D /* TGA PlanUITests.xctest */ = {isa = PBXFileReference; explicitFileType = wrapper.cfbundle; includeInIndex = 0; path = "TGA PlanUITests.xctest"; sourceTree = BUILT_PRODUCTS_DIR; };
/* End PBXFileReference section */

/* Begin PBXFileSystemSynchronizedRootGroup section */
		17E1C9C62E1F2B030024290D /* TGA Plan */ = {
			isa = PBXFileSystemSynchronizedRootGroup;
			path = "TGA Plan";
			sourceTree = "<group>";
		};
		17E1C9D42E1F2B050024290D /* TGA PlanTests */ = {
			isa = PBXFileSystemSynchronizedRootGroup;
			path = "TGA PlanTests";
			sourceTree = "<group>";
		};
		17E1C9DE2E1F2B050024290D /* TGA PlanUITests */ = {
			isa = PBXFileSystemSynchronizedRootGroup;
			path = "TGA PlanUITests";
			sourceTree = "<group>";
		};
/* End PBXFileSystemSynchronizedRootGroup section */

/* Begin PBXFrameworksBuildPhase section */
		17E1C9C12E1F2B030024290D /* Frameworks */ = {
			isa = PBXFrameworksBuildPhase;
			buildActionMask = 2147483647;
			files = (
			);
			runOnlyForDeploymentPostprocessing = 0;
		};
		17E1C9CE2E1F2B050024290D /* Frameworks */ = {
			isa = PBXFrameworksBuildPhase;
			buildActionMask = 2147483647;
			files = (
			);
			runOnlyForDeploymentPostprocessing = 0;
		};
		17E1C9D82E1F2B050024290D /* Frameworks */ = {
			isa = PBXFrameworksBuildPhase;
			buildActionMask = 2147483647;
			files = (
			);
			runOnlyForDeploymentPostprocessing = 0;
		};
/* End PBXFrameworksBuildPhase section */

/* Begin PBXGroup section */
		17E1C9BB2E1F2B030024290D = {
			isa = PBXGroup;
			children = (
				17E1C9C62E1F2B030024290D /* TGA Plan */,
				17E1C9D42E1F2B050024290D /* TGA PlanTests */,
				17E1C9DE2E1F2B050024290D /* TGA PlanUITests */,
				17E1C9C52E1F2B030024290D /* Products */,
			);
			sourceTree = "<group>";
		};
		17E1C9C52E1F2B030024290D /* Products */ = {
			isa = PBXGroup;
			children = (
				17E1C9C42E1F2B030024290D /* TGA Plan.app */,
				17E1C9D12E1F2B050024290D /* TGA PlanTests.xctest */,
				17E1C9DB2E1F2B050024290D /* TGA PlanUITests.xctest */,
			);
			name = Products;
			sourceTree = "<group>";
		};
/* End PBXGroup section */

/* Begin PBXNativeTarget section */
		17E1C9C32E1F2B030024290D /* TGA Plan */ = {
			isa = PBXNativeTarget;
			buildConfigurationList = 17E1C9E52E1F2B050024290D /* Build configuration list for PBXNativeTarget "TGA Plan" */;
			buildPhases = (
				17E1C9C02E1F2B030024290D /* Sources */,
				17E1C9C12E1F2B030024290D /* Frameworks */,
				17E1C9C22E1F2B030024290D /* Resources */,
			);
			buildRules = (
			);
			dependencies = (
			);
			fileSystemSynchronizedGroups = (
				17E1C9C62E1F2B030024290D /* TGA Plan */,
			);
			name = "TGA Plan";
			packageProductDependencies = (
			);
			productName = "TGA Plan";
			productReference = 17E1C9C42E1F2B030024290D /* TGA Plan.app */;
			productType = "com.apple.product-type.application";
		};
		17E1C9D02E1F2B050024290D /* TGA PlanTests */ = {
			isa = PBXNativeTarget;
			buildConfigurationList = 17E1C9E82E1F2B050024290D /* Build configuration list for PBXNativeTarget "TGA PlanTests" */;
			buildPhases = (
				17E1C9CD2E1F2B050024290D /* Sources */,
				17E1C9CE2E1F2B050024290D /* Frameworks */,
				17E1C9CF2E1F2B050024290D /* Resources */,
			);
			buildRules = (
			);
			dependencies = (
				17E1C9D32E1F2B050024290D /* PBXTargetDependency */,
			);
			fileSystemSynchronizedGroups = (
				17E1C9D42E1F2B050024290D /* TGA PlanTests */,
			);
			name = "TGA PlanTests";
			packageProductDependencies = (
			);
			productName = "TGA PlanTests";
			productReference = 17E1C9D12E1F2B050024290D /* TGA PlanTests.xctest */;
			productType = "com.apple.product-type.bundle.unit-test";
		};
		17E1C9DA2E1F2B050024290D /* TGA PlanUITests */ = {
			isa = PBXNativeTarget;
			buildConfigurationList = 17E1C9EB2E1F2B050024290D /* Build configuration list for PBXNativeTarget "TGA PlanUITests" */;
			buildPhases = (
				17E1C9D72E1F2B050024290D /* Sources */,
				17E1C9D82E1F2B050024290D /* Frameworks */,
				17E1C9D92E1F2B050024290D /* Resources */,
			);
			buildRules = (
			);
			dependencies = (
				17E1C9DD2E1F2B050024290D /* PBXTargetDependency */,
			);
			fileSystemSynchronizedGroups = (
				17E1C9DE2E1F2B050024290D /* TGA PlanUITests */,
			);
			name = "TGA PlanUITests";
			packageProductDependencies = (
			);
			productName = "TGA PlanUITests";
			productReference = 17E1C9DB2E1F2B050024290D /* TGA PlanUITests.xctest */;
			productType = "com.apple.product-type.bundle.ui-testing";
		};
/* End PBXNativeTarget section */

/* Begin PBXProject section */
		17E1C9BC2E1F2B030024290D /* Project object */ = {
			isa = PBXProject;
			attributes = {
				BuildIndependentTargetsInParallel = 1;
				LastSwiftUpdateCheck = 1640;
				LastUpgradeCheck = 1640;
				TargetAttributes = {
					17E1C9C32E1F2B030024290D = {
						CreatedOnToolsVersion = 16.4;
					};
					17E1C9D02E1F2B050024290D = {
						CreatedOnToolsVersion = 16.4;
						TestTargetID = 17E1C9C32E1F2B030024290D;
					};
					17E1C9DA2E1F2B050024290D = {
						CreatedOnToolsVersion = 16.4;
						TestTargetID = 17E1C9C32E1F2B030024290D;
					};
				};
			};
			buildConfigurationList = 17E1C9BF2E1F2B030024290D /* Build configuration list for PBXProject "TGA Plan" */;
			developmentRegion = en;
			hasScannedForEncodings = 0;
			knownRegions = (
				en,
				Base,
			);
			mainGroup = 17E1C9BB2E1F2B030024290D;
			minimizedProjectReferenceProxies = 1;
			preferredProjectObjectVersion = 77;
			productRefGroup = 17E1C9C52E1F2B030024290D /* Products */;
			projectDirPath = "";
			projectRoot = "";
			targets = (
				17E1C9C32E1F2B030024290D /* TGA Plan */,
				17E1C9D02E1F2B050024290D /* TGA PlanTests */,
				17E1C9DA2E1F2B050024290D /* TGA PlanUITests */,
			);
		};
/* End PBXProject section */

/* Begin PBXResourcesBuildPhase section */
		17E1C9C22E1F2B030024290D /* Resources */ = {
			isa = PBXResourcesBuildPhase;
			buildActionMask = 2147483647;
			files = (
			);
			runOnlyForDeploymentPostprocessing = 0;
		};
		17E1C9CF2E1F2B050024290D /* Resources */ = {
			isa = PBXResourcesBuildPhase;
			buildActionMask = 2147483647;
			files = (
			);
			runOnlyForDeploymentPostprocessing = 0;
		};
		17E1C9D92E1F2B050024290D /* Resources */ = {
			isa = PBXResourcesBuildPhase;
			buildActionMask = 2147483647;
			files = (
			);
			runOnlyForDeploymentPostprocessing = 0;
		};
/* End PBXResourcesBuildPhase section */

/* Begin PBXSourcesBuildPhase section */
		17E1C9C02E1F2B030024290D /* Sources */ = {
			isa = PBXSourcesBuildPhase;
			buildActionMask = 2147483647;
			files = (
			);
			runOnlyForDeploymentPostprocessing = 0;
		};
		17E1C9CD2E1F2B050024290D /* Sources */ = {
			isa = PBXSourcesBuildPhase;
			buildActionMask = 2147483647;
			files = (
			);
			runOnlyForDeploymentPostprocessing = 0;
		};
		17E1C9D72E1F2B050024290D /* Sources */ = {
			isa = PBXSourcesBuildPhase;
			buildActionMask = 2147483647;
			files = (
			);
			runOnlyForDeploymentPostprocessing = 0;
		};
/* End PBXSourcesBuildPhase section */

/* Begin PBXTargetDependency section */
		17E1C9D32E1F2B050024290D /* PBXTargetDependency */ = {
			isa = PBXTargetDependency;
			target = 17E1C9C32E1F2B030024290D /* TGA Plan */;
			targetProxy = 17E1C9D22E1F2B050024290D /* PBXContainerItemProxy */;
		};
		17E1C9DD2E1F2B050024290D /* PBXTargetDependency */ = {
			isa = PBXTargetDependency;
			target = 17E1C9C32E1F2B030024290D /* TGA Plan */;
			targetProxy = 17E1C9DC2E1F2B050024290D /* PBXContainerItemProxy */;
		};
/* End PBXTargetDependency section */

/* Begin XCBuildConfiguration section */
		17E1C9E32E1F2B050024290D /* Debug */ = {
			isa = XCBuildConfiguration;
			buildSettings = {
				ALWAYS_SEARCH_USER_PATHS = NO;
				ASSETCATALOG_COMPILER_GENERATE_SWIFT_ASSET_SYMBOL_EXTENSIONS = YES;
				CLANG_ANALYZER_NONNULL = YES;
				CLANG_ANALYZER_NUMBER_OBJECT_CONVERSION = YES_AGGRESSIVE;
				CLANG_CXX_LANGUAGE_STANDARD = "gnu++20";
				CLANG_ENABLE_MODULES = YES;
				CLANG_ENABLE_OBJC_ARC = YES;
				CLANG_ENABLE_OBJC_WEAK = YES;
				CLANG_WARN_BLOCK_CAPTURE_AUTORELEASING = YES;
				CLANG_WARN_BOOL_CONVERSION = YES;
				CLANG_WARN_COMMA = YES;
				CLANG_WARN_CONSTANT_CONVERSION = YES;
				CLANG_WARN_DEPRECATED_OBJC_IMPLEMENTATIONS = YES;
				CLANG_WARN_DIRECT_OBJC_ISA_USAGE = YES_ERROR;
				CLANG_WARN_DOCUMENTATION_COMMENTS = YES;
				CLANG_WARN_EMPTY_BODY = YES;
				CLANG_WARN_ENUM_CONVERSION = YES;
				CLANG_WARN_INFINITE_RECURSION = YES;
				CLANG_WARN_INT_CONVERSION = YES;
				CLANG_WARN_NON_LITERAL_NULL_CONVERSION = YES;
				CLANG_WARN_OBJC_IMPLICIT_RETAIN_SELF = YES;
				CLANG_WARN_OBJC_LITERAL_CONVERSION = YES;
				CLANG_WARN_OBJC_ROOT_CLASS = YES_ERROR;
				CLANG_WARN_QUOTED_INCLUDE_IN_FRAMEWORK_HEADER = YES;
				CLANG_WARN_RANGE_LOOP_ANALYSIS = YES;
				CLANG_WARN_STRICT_PROTOTYPES = YES;
				CLANG_WARN_SUSPICIOUS_MOVE = YES;
				CLANG_WARN_UNGUARDED_AVAILABILITY = YES_AGGRESSIVE;
				CLANG_WARN_UNREACHABLE_CODE = YES;
				CLANG_WARN__DUPLICATE_METHOD_MATCH = YES;
				COPY_PHASE_STRIP = NO;
				DEBUG_INFORMATION_FORMAT = dwarf;
				DEVELOPMENT_TEAM = SUKM75T64N;
				ENABLE_STRICT_OBJC_MSGSEND = YES;
				ENABLE_TESTABILITY = YES;
				ENABLE_USER_SCRIPT_SANDBOXING = YES;
				GCC_C_LANGUAGE_STANDARD = gnu17;
				GCC_DYNAMIC_NO_PIC = NO;
				GCC_NO_COMMON_BLOCKS = YES;
				GCC_OPTIMIZATION_LEVEL = 0;
				GCC_PREPROCESSOR_DEFINITIONS = (
					"DEBUG=1",
					"$(inherited)",
				);
				GCC_WARN_64_TO_32_BIT_CONVERSION = YES;
				GCC_WARN_ABOUT_RETURN_TYPE = YES_ERROR;
				GCC_WARN_UNDECLARED_SELECTOR = YES;
				GCC_WARN_UNINITIALIZED_AUTOS = YES_AGGRESSIVE;
				GCC_WARN_UNUSED_FUNCTION = YES;
				GCC_WARN_UNUSED_VARIABLE = YES;
				IPHONEOS_DEPLOYMENT_TARGET = 18.5;
				LOCALIZATION_PREFERS_STRING_CATALOGS = YES;
				MTL_ENABLE_DEBUG_INFO = INCLUDE_SOURCE;
				MTL_FAST_MATH = YES;
				ONLY_ACTIVE_ARCH = YES;
				SDKROOT = iphoneos;
				SWIFT_ACTIVE_COMPILATION_CONDITIONS = "DEBUG $(inherited)";
				SWIFT_OPTIMIZATION_LEVEL = "-Onone";
			};
			name = Debug;
		};
		17E1C9E42E1F2B050024290D /* Release */ = {
			isa = XCBuildConfiguration;
			buildSettings = {
				ALWAYS_SEARCH_USER_PATHS = NO;
				ASSETCATALOG_COMPILER_GENERATE_SWIFT_ASSET_SYMBOL_EXTENSIONS = YES;
				CLANG_ANALYZER_NONNULL = YES;
				CLANG_ANALYZER_NUMBER_OBJECT_CONVERSION = YES_AGGRESSIVE;
				CLANG_CXX_LANGUAGE_STANDARD = "gnu++20";
				CLANG_ENABLE_MODULES = YES;
				CLANG_ENABLE_OBJC_ARC = YES;
				CLANG_ENABLE_OBJC_WEAK = YES;
				CLANG_WARN_BLOCK_CAPTURE_AUTORELEASING = YES;
				CLANG_WARN_BOOL_CONVERSION = YES;
				CLANG_WARN_COMMA = YES;
				CLANG_WARN_CONSTANT_CONVERSION = YES;
				CLANG_WARN_DEPRECATED_OBJC_IMPLEMENTATIONS = YES;
				CLANG_WARN_DIRECT_OBJC_ISA_USAGE = YES_ERROR;
				CLANG_WARN_DOCUMENTATION_COMMENTS = YES;
				CLANG_WARN_EMPTY_BODY = YES;
				CLANG_WARN_ENUM_CONVERSION = YES;
				CLANG_WARN_INFINITE_RECURSION = YES;
				CLANG_WARN_INT_CONVERSION = YES;
				CLANG_WARN_NON_LITERAL_NULL_CONVERSION = YES;
				CLANG_WARN_OBJC_IMPLICIT_RETAIN_SELF = YES;
				CLANG_WARN_OBJC_LITERAL_CONVERSION = YES;
				CLANG_WARN_OBJC_ROOT_CLASS = YES_ERROR;
				CLANG_WARN_QUOTED_INCLUDE_IN_FRAMEWORK_HEADER = YES;
				CLANG_WARN_RANGE_LOOP_ANALYSIS = YES;
				CLANG_WARN_STRICT_PROTOTYPES = YES;
				CLANG_WARN_SUSPICIOUS_MOVE = YES;
				CLANG_WARN_UNGUARDED_AVAILABILITY = YES_AGGRESSIVE;
				CLANG_WARN_UNREACHABLE_CODE = YES;
				CLANG_WARN__DUPLICATE_METHOD_MATCH = YES;
				COPY_PHASE_STRIP = NO;
				DEBUG_INFORMATION_FORMAT = "dwarf-with-dsym";
				DEVELOPMENT_TEAM = SUKM75T64N;
				ENABLE_NS_ASSERTIONS = NO;
				ENABLE_STRICT_OBJC_MSGSEND = YES;
				ENABLE_USER_SCRIPT_SANDBOXING = YES;
				GCC_C_LANGUAGE_STANDARD = gnu17;
				GCC_NO_COMMON_BLOCKS = YES;
				GCC_WARN_64_TO_32_BIT_CONVERSION = YES;
				GCC_WARN_ABOUT_RETURN_TYPE = YES_ERROR;
				GCC_WARN_UNDECLARED_SELECTOR = YES;
				GCC_WARN_UNINITIALIZED_AUTOS = YES_AGGRESSIVE;
				GCC_WARN_UNUSED_FUNCTION = YES;
				GCC_WARN_UNUSED_VARIABLE = YES;
				IPHONEOS_DEPLOYMENT_TARGET = 18.5;
				LOCALIZATION_PREFERS_STRING_CATALOGS = YES;
				MTL_ENABLE_DEBUG_INFO = NO;
				MTL_FAST_MATH = YES;
				SDKROOT = iphoneos;
				SWIFT_COMPILATION_MODE = wholemodule;
				VALIDATE_PRODUCT = YES;
			};
			name = Release;
		};
		17E1C9E62E1F2B050024290D /* Debug */ = {
			isa = XCBuildConfiguration;
			buildSettings = {
				ASSETCATALOG_COMPILER_APPICON_NAME = AppIcon;
				ASSETCATALOG_COMPILER_GLOBAL_ACCENT_COLOR_NAME = AccentColor;
				CODE_SIGN_STYLE = Automatic;
				CURRENT_PROJECT_VERSION = 1;
				DEVELOPMENT_TEAM = SUKM75T64N;
				ENABLE_PREVIEWS = YES;
				GENERATE_INFOPLIST_FILE = YES;
				INFOPLIST_KEY_UIApplicationSceneManifest_Generation = YES;
				INFOPLIST_KEY_UIApplicationSupportsIndirectInputEvents = YES;
				INFOPLIST_KEY_UILaunchScreen_Generation = YES;
				INFOPLIST_KEY_UISupportedInterfaceOrientations_iPad = "UIInterfaceOrientationPortrait UIInterfaceOrientationPortraitUpsideDown UIInterfaceOrientationLandscapeLeft UIInterfaceOrientationLandscapeRight";
				INFOPLIST_KEY_UISupportedInterfaceOrientations_iPhone = "UIInterfaceOrientationPortrait UIInterfaceOrientationLandscapeLeft UIInterfaceOrientationLandscapeRight";
				LD_RUNPATH_SEARCH_PATHS = (
					"$(inherited)",
					"@executable_path/Frameworks",
				);
				MARKETING_VERSION = 1.0;
				PRODUCT_BUNDLE_IDENTIFIER = "com.mhockmann.TGA-Plan";
				PRODUCT_NAME = "$(TARGET_NAME)";
				SWIFT_EMIT_LOC_STRINGS = YES;
				SWIFT_VERSION = 5.0;
				TARGETED_DEVICE_FAMILY = "1,2";
			};
			name = Debug;
		};
		17E1C9E72E1F2B050024290D /* Release */ = {
			isa = XCBuildConfiguration;
			buildSettings = {
				ASSETCATALOG_COMPILER_APPICON_NAME = AppIcon;
				ASSETCATALOG_COMPILER_GLOBAL_ACCENT_COLOR_NAME = AccentColor;
				CODE_SIGN_STYLE = Automatic;
				CURRENT_PROJECT_VERSION = 1;
				DEVELOPMENT_TEAM = SUKM75T64N;
				ENABLE_PREVIEWS = YES;
				GENERATE_INFOPLIST_FILE = YES;
				INFOPLIST_KEY_UIApplicationSceneManifest_Generation = YES;
				INFOPLIST_KEY_UIApplicationSupportsIndirectInputEvents = YES;
				INFOPLIST_KEY_UILaunchScreen_Generation = YES;
				INFOPLIST_KEY_UISupportedInterfaceOrientations_iPad = "UIInterfaceOrientationPortrait UIInterfaceOrientationPortraitUpsideDown UIInterfaceOrientationLandscapeLeft UIInterfaceOrientationLandscapeRight";
				INFOPLIST_KEY_UISupportedInterfaceOrientations_iPhone = "UIInterfaceOrientationPortrait UIInterfaceOrientationLandscapeLeft UIInterfaceOrientationLandscapeRight";
				LD_RUNPATH_SEARCH_PATHS = (
					"$(inherited)",
					"@executable_path/Frameworks",
				);
				MARKETING_VERSION = 1.0;
				PRODUCT_BUNDLE_IDENTIFIER = "com.mhockmann.TGA-Plan";
				PRODUCT_NAME = "$(TARGET_NAME)";
				SWIFT_EMIT_LOC_STRINGS = YES;
				SWIFT_VERSION = 5.0;
				TARGETED_DEVICE_FAMILY = "1,2";
			};
			name = Release;
		};
		17E1C9E92E1F2B050024290D /* Debug */ = {
			isa = XCBuildConfiguration;
			buildSettings = {
				BUNDLE_LOADER = "$(TEST_HOST)";
				CODE_SIGN_STYLE = Automatic;
				CURRENT_PROJECT_VERSION = 1;
				DEVELOPMENT_TEAM = SUKM75T64N;
				GENERATE_INFOPLIST_FILE = YES;
				IPHONEOS_DEPLOYMENT_TARGET = 18.5;
				MARKETING_VERSION = 1.0;
				PRODUCT_BUNDLE_IDENTIFIER = "com.mhockmann.TGA-PlanTests";
				PRODUCT_NAME = "$(TARGET_NAME)";
				SWIFT_EMIT_LOC_STRINGS = NO;
				SWIFT_VERSION = 5.0;
				TARGETED_DEVICE_FAMILY = "1,2";
				TEST_HOST = "$(BUILT_PRODUCTS_DIR)/TGA Plan.app/$(BUNDLE_EXECUTABLE_FOLDER_PATH)/TGA Plan";
			};
			name = Debug;
		};
		17E1C9EA2E1F2B050024290D /* Release */ = {
			isa = XCBuildConfiguration;
			buildSettings = {
				BUNDLE_LOADER = "$(TEST_HOST)";
				CODE_SIGN_STYLE = Automatic;
				CURRENT_PROJECT_VERSION = 1;
				DEVELOPMENT_TEAM = SUKM75T64N;
				GENERATE_INFOPLIST_FILE = YES;
				IPHONEOS_DEPLOYMENT_TARGET = 18.5;
				MARKETING_VERSION = 1.0;
				PRODUCT_BUNDLE_IDENTIFIER = "com.mhockmann.TGA-PlanTests";
				PRODUCT_NAME = "$(TARGET_NAME)";
				SWIFT_EMIT_LOC_STRINGS = NO;
				SWIFT_VERSION = 5.0;
				TARGETED_DEVICE_FAMILY = "1,2";
				TEST_HOST = "$(BUILT_PRODUCTS_DIR)/TGA Plan.app/$(BUNDLE_EXECUTABLE_FOLDER_PATH)/TGA Plan";
			};
			name = Release;
		};
		17E1C9EC2E1F2B050024290D /* Debug */ = {
			isa = XCBuildConfiguration;
			buildSettings = {
				CODE_SIGN_STYLE = Automatic;
				CURRENT_PROJECT_VERSION = 1;
				DEVELOPMENT_TEAM = SUKM75T64N;
				GENERATE_INFOPLIST_FILE = YES;
				MARKETING_VERSION = 1.0;
				PRODUCT_BUNDLE_IDENTIFIER = "com.mhockmann.TGA-PlanUITests";
				PRODUCT_NAME = "$(TARGET_NAME)";
				SWIFT_EMIT_LOC_STRINGS = NO;
				SWIFT_VERSION = 5.0;
				TARGETED_DEVICE_FAMILY = "1,2";
				TEST_TARGET_NAME = "TGA Plan";
			};
			name = Debug;
		};
		17E1C9ED2E1F2B050024290D /* Release */ = {
			isa = XCBuildConfiguration;
			buildSettings = {
				CODE_SIGN_STYLE = Automatic;
				CURRENT_PROJECT_VERSION = 1;
				DEVELOPMENT_TEAM = SUKM75T64N;
				GENERATE_INFOPLIST_FILE = YES;
				MARKETING_VERSION = 1.0;
				PRODUCT_BUNDLE_IDENTIFIER = "com.mhockmann.TGA-PlanUITests";
				PRODUCT_NAME = "$(TARGET_NAME)";
				SWIFT_EMIT_LOC_STRINGS = NO;
				SWIFT_VERSION = 5.0;
				TARGETED_DEVICE_FAMILY = "1,2";
				TEST_TARGET_NAME = "TGA Plan";
			};
			name = Release;
		};
/* End XCBuildConfiguration section */

/* Begin XCConfigurationList section */
		17E1C9BF2E1F2B030024290D /* Build configuration list for PBXProject "TGA Plan" */ = {
			isa = XCConfigurationList;
			buildConfigurations = (
				17E1C9E32E1F2B050024290D /* Debug */,
				17E1C9E42E1F2B050024290D /* Release */,
			);
			defaultConfigurationIsVisible = 0;
			defaultConfigurationName = Release;
		};
		17E1C9E52E1F2B050024290D /* Build configuration list for PBXNativeTarget "TGA Plan" */ = {
			isa = XCConfigurationList;
			buildConfigurations = (
				17E1C9E62E1F2B050024290D /* Debug */,
				17E1C9E72E1F2B050024290D /* Release */,
			);
			defaultConfigurationIsVisible = 0;
			defaultConfigurationName = Release;
		};
		17E1C9E82E1F2B050024290D /* Build configuration list for PBXNativeTarget "TGA PlanTests" */ = {
			isa = XCConfigurationList;
			buildConfigurations = (
				17E1C9E92E1F2B050024290D /* Debug */,
				17E1C9EA2E1F2B050024290D /* Release */,
			);
			defaultConfigurationIsVisible = 0;
			defaultConfigurationName = Release;
		};
		17E1C9EB2E1F2B050024290D /* Build configuration list for PBXNativeTarget "TGA PlanUITests" */ = {
			isa = XCConfigurationList;
			buildConfigurations = (
				17E1C9EC2E1F2B050024290D /* Debug */,
				17E1C9ED2E1F2B050024290D /* Release */,
			);
			defaultConfigurationIsVisible = 0;
			defaultConfigurationName = Release;
		};
/* End XCConfigurationList section */
	};
	rootObject = 17E1C9BC2E1F2B030024290D /* Project object */;
}
